
Microsoft Visual Studio Solution File, Format Version 12.00
# Visual Studio Version 16
VisualStudioVersion = 16.0.31205.134
MinimumVisualStudioVersion = 10.0.40219.1
Project("{FAE04EC0-301F-11D3-BF4B-00C04F79EFBC}") = "WindowsFormsApp2.0", "WindowsFormsApp2.0\WindowsFormsApp2.0.csproj", "{2B44A007-28CF-41FA-B4DA-EF9ECAF65807}"
EndProject
Global
	GlobalSection(SolutionConfigurationPlatforms) = preSolution
		Debug|Any CPU = Debug|Any CPU
		Release|Any CPU = Release|Any CPU
	EndGlobalSection
	GlobalSection(ProjectConfigurationPlatforms) = postSolution
		{2B44A007-28CF-41FA-B4DA-EF9ECAF65807}.Debug|Any CPU.ActiveCfg = Debug|Any CPU
		{2B44A007-28CF-41FA-B4DA-EF9ECAF65807}.Debug|Any CPU.Build.0 = Debug|Any CPU
		{2B44A007-28CF-41FA-B4DA-EF9ECAF65807}.Release|Any CPU.ActiveCfg = Release|Any CPU
		{2B44A007-28CF-41FA-B4DA-EF9ECAF65807}.Release|Any CPU.Build.0 = Release|Any CPU
	EndGlobalSection
	GlobalSection(SolutionProperties) = preSolution
		HideSolutionNode = FALSE
	EndGlobalSection
	GlobalSection(ExtensibilityGlobals) = postSolution
		SolutionGuid = {1BD3DE57-080A-417C-A28C-09BFF424C41D}
	EndGlobalSection
EndGlobal
